
Microsoft Visual Studio Solution File, Format Version 12.00
# Visual Studio Version 16
VisualStudioVersion = 16.0.32630.194
MinimumVisualStudioVersion = 10.0.40219.1
Project("{FAE04EC0-301F-11D3-BF4B-00C04F79EFBC}") = "WindowsFormsApp4", "WindowsFormsApp4\WindowsFormsApp4.csproj", "{A1EA50F9-F593-43CB-A88B-64C5E7D7BB23}"
EndProject
Global
	GlobalSection(SolutionConfigurationPlatforms) = preSolution
		Debug|Any CPU = Debug|Any CPU
		Release|Any CPU = Release|Any CPU
	EndGlobalSection
	GlobalSection(ProjectConfigurationPlatforms) = postSolution
		{A1EA50F9-F593-43CB-A88B-64C5E7D7BB23}.Debug|Any CPU.ActiveCfg = Debug|Any CPU
		{A1EA50F9-F593-43CB-A88B-64C5E7D7BB23}.Debug|Any CPU.Build.0 = Debug|Any CPU
		{A1EA50F9-F593-43CB-A88B-64C5E7D7BB23}.Release|Any CPU.ActiveCfg = Release|Any CPU
		{A1EA50F9-F593-43CB-A88B-64C5E7D7BB23}.Release|Any CPU.Build.0 = Release|Any CPU
	EndGlobalSection
	GlobalSection(SolutionProperties) = preSolution
		HideSolutionNode = FALSE
	EndGlobalSection
	GlobalSection(ExtensibilityGlobals) = postSolution
		SolutionGuid = {73CF5A2F-C243-44AB-B0B9-8A6F61F45A7B}
	EndGlobalSection
EndGlobal
