
Microsoft Visual Studio Solution File, Format Version 12.00
# Visual Studio Version 16
VisualStudioVersion = 16.0.32630.194
MinimumVisualStudioVersion = 10.0.40219.1
Project("{FAE04EC0-301F-11D3-BF4B-00C04F79EFBC}") = "ConsoleApp3", "ConsoleApp3\ConsoleApp3.csproj", "{66546A99-527E-441E-9399-F73E80BA04FF}"
EndProject
Global
	GlobalSection(SolutionConfigurationPlatforms) = preSolution
		Debug|Any CPU = Debug|Any CPU
		Release|Any CPU = Release|Any CPU
	EndGlobalSection
	GlobalSection(ProjectConfigurationPlatforms) = postSolution
		{66546A99-527E-441E-9399-F73E80BA04FF}.Debug|Any CPU.ActiveCfg = Debug|Any CPU
		{66546A99-527E-441E-9399-F73E80BA04FF}.Debug|Any CPU.Build.0 = Debug|Any CPU
		{66546A99-527E-441E-9399-F73E80BA04FF}.Release|Any CPU.ActiveCfg = Release|Any CPU
		{66546A99-527E-441E-9399-F73E80BA04FF}.Release|Any CPU.Build.0 = Release|Any CPU
	EndGlobalSection
	GlobalSection(SolutionProperties) = preSolution
		HideSolutionNode = FALSE
	EndGlobalSection
	GlobalSection(ExtensibilityGlobals) = postSolution
		SolutionGuid = {5C921BA7-1C04-4533-B4C6-FADF9F661DFA}
	EndGlobalSection
EndGlobal
