
Microsoft Visual Studio Solution File, Format Version 12.00
# Visual Studio Version 16
VisualStudioVersion = 16.0.32630.194
MinimumVisualStudioVersion = 10.0.40219.1
Project("{FAE04EC0-301F-11D3-BF4B-00C04F79EFBC}") = "ClassLibrary1", "ClassLibrary1\ClassLibrary1.csproj", "{FCC6FE64-DEB9-4165-B8D1-EDB2CC06E631}"
EndProject
Project("{FAE04EC0-301F-11D3-BF4B-00C04F79EFBC}") = "ConsoleApp1", "ConsoleApp1\ConsoleApp1.csproj", "{DFF5F7CF-7629-4468-BA07-75C7D3962A60}"
EndProject
Global
	GlobalSection(SolutionConfigurationPlatforms) = preSolution
		Debug|Any CPU = Debug|Any CPU
		Release|Any CPU = Release|Any CPU
	EndGlobalSection
	GlobalSection(ProjectConfigurationPlatforms) = postSolution
		{FCC6FE64-DEB9-4165-B8D1-EDB2CC06E631}.Debug|Any CPU.ActiveCfg = Debug|Any CPU
		{FCC6FE64-DEB9-4165-B8D1-EDB2CC06E631}.Debug|Any CPU.Build.0 = Debug|Any CPU
		{FCC6FE64-DEB9-4165-B8D1-EDB2CC06E631}.Release|Any CPU.ActiveCfg = Release|Any CPU
		{FCC6FE64-DEB9-4165-B8D1-EDB2CC06E631}.Release|Any CPU.Build.0 = Release|Any CPU
		{DFF5F7CF-7629-4468-BA07-75C7D3962A60}.Debug|Any CPU.ActiveCfg = Debug|Any CPU
		{DFF5F7CF-7629-4468-BA07-75C7D3962A60}.Debug|Any CPU.Build.0 = Debug|Any CPU
		{DFF5F7CF-7629-4468-BA07-75C7D3962A60}.Release|Any CPU.ActiveCfg = Release|Any CPU
		{DFF5F7CF-7629-4468-BA07-75C7D3962A60}.Release|Any CPU.Build.0 = Release|Any CPU
	EndGlobalSection
	GlobalSection(SolutionProperties) = preSolution
		HideSolutionNode = FALSE
	EndGlobalSection
	GlobalSection(ExtensibilityGlobals) = postSolution
		SolutionGuid = {49A1648E-F761-498D-A610-19D6A35E0951}
	EndGlobalSection
EndGlobal
