
Microsoft Visual Studio Solution File, Format Version 12.00
# Visual Studio Version 16
VisualStudioVersion = 16.0.32630.194
MinimumVisualStudioVersion = 10.0.40219.1
Project("{FAE04EC0-301F-11D3-BF4B-00C04F79EFBC}") = "WindowsFormsApplication2", "WindowsFormsApplication2\WindowsFormsApplication2.csproj", "{DC06FCC5-0FF8-499C-B558-C36BA7B0817E}"
EndProject
Global
	GlobalSection(SolutionConfigurationPlatforms) = preSolution
		Debug|Any CPU = Debug|Any CPU
		Release|Any CPU = Release|Any CPU
	EndGlobalSection
	GlobalSection(ProjectConfigurationPlatforms) = postSolution
		{DC06FCC5-0FF8-499C-B558-C36BA7B0817E}.Debug|Any CPU.ActiveCfg = Debug|Any CPU
		{DC06FCC5-0FF8-499C-B558-C36BA7B0817E}.Debug|Any CPU.Build.0 = Debug|Any CPU
		{DC06FCC5-0FF8-499C-B558-C36BA7B0817E}.Release|Any CPU.ActiveCfg = Release|Any CPU
		{DC06FCC5-0FF8-499C-B558-C36BA7B0817E}.Release|Any CPU.Build.0 = Release|Any CPU
	EndGlobalSection
	GlobalSection(SolutionProperties) = preSolution
		HideSolutionNode = FALSE
	EndGlobalSection
	GlobalSection(ExtensibilityGlobals) = postSolution
		SolutionGuid = {D212195B-3020-417E-AE8B-15AC069FEAD9}
	EndGlobalSection
EndGlobal
