
Microsoft Visual Studio Solution File, Format Version 12.00
# Visual Studio Version 16
VisualStudioVersion = 16.0.32630.194
MinimumVisualStudioVersion = 10.0.40219.1
Project("{FAE04EC0-301F-11D3-BF4B-00C04F79EFBC}") = "ConsoleApp5", "ConsoleApp5\ConsoleApp5.csproj", "{ED542F2E-942B-443D-8860-40149F941807}"
EndProject
Global
	GlobalSection(SolutionConfigurationPlatforms) = preSolution
		Debug|Any CPU = Debug|Any CPU
		Release|Any CPU = Release|Any CPU
	EndGlobalSection
	GlobalSection(ProjectConfigurationPlatforms) = postSolution
		{ED542F2E-942B-443D-8860-40149F941807}.Debug|Any CPU.ActiveCfg = Debug|Any CPU
		{ED542F2E-942B-443D-8860-40149F941807}.Debug|Any CPU.Build.0 = Debug|Any CPU
		{ED542F2E-942B-443D-8860-40149F941807}.Release|Any CPU.ActiveCfg = Release|Any CPU
		{ED542F2E-942B-443D-8860-40149F941807}.Release|Any CPU.Build.0 = Release|Any CPU
	EndGlobalSection
	GlobalSection(SolutionProperties) = preSolution
		HideSolutionNode = FALSE
	EndGlobalSection
	GlobalSection(ExtensibilityGlobals) = postSolution
		SolutionGuid = {2933B18C-72CD-4AF3-805B-29BC6170EEFD}
	EndGlobalSection
EndGlobal
